
Microsoft Visual Studio Solution File, Format Version 12.00
# Visual Studio Version 17
VisualStudioVersion = 17.4.33205.214
MinimumVisualStudioVersion = 10.0.40219.1
Project("{FAE04EC0-301F-11D3-BF4B-00C04F79EFBC}") = "AuthenticationPractice", "AuthenticationPractice\AuthenticationPractice.csproj", "{AC206AFE-7619-4611-9560-F2196B6CA1EB}"
EndProject
Global
	GlobalSection(SolutionConfigurationPlatforms) = preSolution
		Debug|Any CPU = Debug|Any CPU
		Release|Any CPU = Release|Any CPU
	EndGlobalSection
	GlobalSection(ProjectConfigurationPlatforms) = postSolution
		{AC206AFE-7619-4611-9560-F2196B6CA1EB}.Debug|Any CPU.ActiveCfg = Debug|Any CPU
		{AC206AFE-7619-4611-9560-F2196B6CA1EB}.Debug|Any CPU.Build.0 = Debug|Any CPU
		{AC206AFE-7619-4611-9560-F2196B6CA1EB}.Release|Any CPU.ActiveCfg = Release|Any CPU
		{AC206AFE-7619-4611-9560-F2196B6CA1EB}.Release|Any CPU.Build.0 = Release|Any CPU
	EndGlobalSection
	GlobalSection(SolutionProperties) = preSolution
		HideSolutionNode = FALSE
	EndGlobalSection
	GlobalSection(ExtensibilityGlobals) = postSolution
		SolutionGuid = {BC9D984E-CA9E-4565-9E80-67BA652F94AF}
	EndGlobalSection
EndGlobal
